
Microsoft Visual Studio Solution File, Format Version 12.00
# Visual Studio Version 17
VisualStudioVersion = 17.7.34018.315
MinimumVisualStudioVersion = 10.0.40219.1
Project("{FAE04EC0-301F-11D3-BF4B-00C04F79EFBC}") = "Identity.API", "Identity.API\Identity.API.csproj", "{A2CCC746-C18F-49EB-BE46-FC19566A8114}"
EndProject
Project("{2150E333-8FDC-42A3-9474-1A3956D46DE8}") = "Services", "Services", "{D3E731B3-66B4-408F-A343-19EB34221BF9}"
EndProject
Project("{FAE04EC0-301F-11D3-BF4B-00C04F79EFBC}") = "Services.Common", "Services\Common\Services.Common\Services.Common.csproj", "{73A7584F-0F60-4DE4-AF1B-802696E98AD9}"
EndProject
Global
	GlobalSection(SolutionConfigurationPlatforms) = preSolution
		Debug|Any CPU = Debug|Any CPU
		Release|Any CPU = Release|Any CPU
	EndGlobalSection
	GlobalSection(ProjectConfigurationPlatforms) = postSolution
		{A2CCC746-C18F-49EB-BE46-FC19566A8114}.Debug|Any CPU.ActiveCfg = Debug|Any CPU
		{A2CCC746-C18F-49EB-BE46-FC19566A8114}.Debug|Any CPU.Build.0 = Debug|Any CPU
		{A2CCC746-C18F-49EB-BE46-FC19566A8114}.Release|Any CPU.ActiveCfg = Release|Any CPU
		{A2CCC746-C18F-49EB-BE46-FC19566A8114}.Release|Any CPU.Build.0 = Release|Any CPU
		{73A7584F-0F60-4DE4-AF1B-802696E98AD9}.Debug|Any CPU.ActiveCfg = Debug|Any CPU
		{73A7584F-0F60-4DE4-AF1B-802696E98AD9}.Debug|Any CPU.Build.0 = Debug|Any CPU
		{73A7584F-0F60-4DE4-AF1B-802696E98AD9}.Release|Any CPU.ActiveCfg = Release|Any CPU
		{73A7584F-0F60-4DE4-AF1B-802696E98AD9}.Release|Any CPU.Build.0 = Release|Any CPU
	EndGlobalSection
	GlobalSection(SolutionProperties) = preSolution
		HideSolutionNode = FALSE
	EndGlobalSection
	GlobalSection(NestedProjects) = preSolution
		{73A7584F-0F60-4DE4-AF1B-802696E98AD9} = {D3E731B3-66B4-408F-A343-19EB34221BF9}
	EndGlobalSection
	GlobalSection(ExtensibilityGlobals) = postSolution
		SolutionGuid = {981AD2DF-4C12-4B99-B455-67AEF20F35B2}
	EndGlobalSection
EndGlobal
